lockfileVersion: '9.0'

settings:
  autoInstallPeers: true
  excludeLinksFromLockfile: false

importers:

  .:
    dependencies:
      '@hono/swagger-ui':
        specifier: ^0.4.1
        version: 0.4.1(hono@4.6.6)
      '@hono/zod-openapi':
        specifier: ^0.16.4
        version: 0.16.4(hono@4.6.6)(zod@3.23.8)
      '@scalar/hono-api-reference':
        specifier: ^0.5.156
        version: 0.5.156(hono@4.6.6)
      hono:
        specifier: ^4.6.6
        version: 4.6.6
    devDependencies:
      '@types/bun':
        specifier: latest
        version: 1.1.12

packages:

  '@asteasolutions/zod-to-openapi@7.2.0':
    resolution: {integrity: sha512-Va+Fq1QzKkSgmiYINSp3cASFhMsbdRH/kmCk2feijhC+yNjGoC056CRqihrVFhR8MY8HOZHdlYm2Ns2lmszCiw==}
    peerDependencies:
      zod: ^3.20.2

  '@hono/swagger-ui@0.4.1':
    resolution: {integrity: sha512-kPaJatHffeYQ3yVkHo878hCqwfapqx54FczJVJ+eRWt8J4biyVVMIdCAJb6MyA8bcnHUoTmUpPc7OJAV1VTg2g==}
    peerDependencies:
      hono: '*'

  '@hono/zod-openapi@0.16.4':
    resolution: {integrity: sha512-mnF6GthBaKex0D5PsY/4lYNtkaGJNE38bjeUI//EUqq7Ee4TNm2su35IUiFH4HcmJp5fWYMLyOJOpjnkClzEGw==}
    engines: {node: '>=16.0.0'}
    peerDependencies:
      hono: '>=4.3.6'
      zod: 3.*

  '@hono/zod-validator@0.3.0':
    resolution: {integrity: sha512-7XcTk3yYyk6ldrO/VuqsroE7stvDZxHJQcpATRAyha8rUxJNBPV3+6waDrARfgEqxOVlzIadm3/6sE/dPseXgQ==}
    peerDependencies:
      hono: '>=3.9.0'
      zod: ^3.19.1

  '@scalar/hono-api-reference@0.5.156':
    resolution: {integrity: sha512-/byPVH0rs40qxuOInnikDeq+19wQZ0NIq0K3WJMNBeZvr0lpGqsBf4frj0soon8UAVq/uZnOMcK6jwcC50a0bg==}
    engines: {node: '>=18'}
    peerDependencies:
      hono: ^4.0.0

  '@scalar/openapi-types@0.1.4':
    resolution: {integrity: sha512-+wRXgmqzgDnj8Dxqf4OOPMPo4or/LRd1Bsy4pnrIW0yBt8rKSdtBb+jH/aRnhgDDmKVjWxJ+KFk7WlSKvZwNTw==}
    engines: {node: '>=18'}

  '@scalar/types@0.0.17':
    resolution: {integrity: sha512-wUrvNnYFMULsHENX/9TP3oyECRTtZsP06mOZU+RlWg9sRtzWVTjlBCahkgUETL93J+Bz2RLFSKVgPyNN4fpIpA==}
    engines: {node: '>=18'}

  '@types/bun@1.1.12':
    resolution: {integrity: sha512-UkewJesRDP3+AW30Gc8hvxuIt+vHgYZXmVOKaXV8xnwAnMXTAs3XZDsa/jW+LSdAYhHslokSm72lq63FYYjZqA==}

  '@types/node@20.12.14':
    resolution: {integrity: sha512-scnD59RpYD91xngrQQLGkE+6UrHUPzeKZWhhjBSa3HSkwjbQc38+q3RoIVEwxQGRw3M+j5hpNAM+lgV3cVormg==}

  '@types/ws@8.5.12':
    resolution: {integrity: sha512-3tPRkv1EtkDpzlgyKyI8pGsGZAGPEaXeu0DOj5DI25Ja91bdAYddYHbADRYVrZMRbfW+1l5YwXVDKohDJNQxkQ==}

  '@unhead/schema@1.11.10':
    resolution: {integrity: sha512-lXh7cm5XtFaw3gc+ZVXTSfIHXiBpAywbjtEiOsz5TR4GxOjj2rtfOAl4C3Difk1yupP6L2otYmOZdn/i8EXSJg==}

  bun-types@1.1.32:
    resolution: {integrity: sha512-Lxgux4InO/WRjSAEy3iyDscsnDXR8+3rgNDeZYjPAizFYjUraoNuMl9PuRd9XMgFZgdyQwaUX7/QHmOw5KGFQw==}

  hono@4.6.6:
    resolution: {integrity: sha512-euUj5qwvtkG+p38GFs0LYacwaoS2hYRAGn9ysAggiwT2QBcPnT1XYUCW3hatW4C1KzAXTYuQ08BlVDJtAGuhlg==}
    engines: {node: '>=16.9.0'}

  hookable@5.5.3:
    resolution: {integrity: sha512-Yc+BQe8SvoXH1643Qez1zqLRmbA5rCL+sSmk6TVos0LWVfNIB7PGncdlId77WzLGSIB5KaWgTaNTs2lNVEI6VQ==}

  openapi3-ts@4.4.0:
    resolution: {integrity: sha512-9asTNB9IkKEzWMcHmVZE7Ts3kC9G7AFHfs8i7caD8HbI76gEjdkId4z/AkP83xdZsH7PLAnnbl47qZkXuxpArw==}

  undici-types@5.26.5:
    resolution: {integrity: sha512-JlCMO+ehdEIKqlFxk6IfVoAUVmgz7cU7zD/h9XZ0qzeosSHmUJVOzSQvvYSYWXkFXC+IfLKSIffhv0sVZup6pA==}

  yaml@2.6.0:
    resolution: {integrity: sha512-a6ae//JvKDEra2kdi1qzCyrJW/WZCgFi8ydDV+eXExl95t+5R+ijnqHJbz9tmMh8FUjx3iv2fCQ4dclAQlO2UQ==}
    engines: {node: '>= 14'}
    hasBin: true

  zhead@2.2.4:
    resolution: {integrity: sha512-8F0OI5dpWIA5IGG5NHUg9staDwz/ZPxZtvGVf01j7vHqSyZ0raHY+78atOVxRqb73AotX22uV1pXt3gYSstGag==}

  zod@3.23.8:
    resolution: {integrity: sha512-XBx9AXhXktjUqnepgTiE5flcKIYWi/rme0Eaj+5Y0lftuGBq+jyRu/md4WnuxqgP1ubdpNCsYEYPxrzVHD8d6g==}

snapshots:

  '@asteasolutions/zod-to-openapi@7.2.0(zod@3.23.8)':
    dependencies:
      openapi3-ts: 4.4.0
      zod: 3.23.8

  '@hono/swagger-ui@0.4.1(hono@4.6.6)':
    dependencies:
      hono: 4.6.6

  '@hono/zod-openapi@0.16.4(hono@4.6.6)(zod@3.23.8)':
    dependencies:
      '@asteasolutions/zod-to-openapi': 7.2.0(zod@3.23.8)
      '@hono/zod-validator': 0.3.0(hono@4.6.6)(zod@3.23.8)
      hono: 4.6.6
      zod: 3.23.8

  '@hono/zod-validator@0.3.0(hono@4.6.6)(zod@3.23.8)':
    dependencies:
      hono: 4.6.6
      zod: 3.23.8

  '@scalar/hono-api-reference@0.5.156(hono@4.6.6)':
    dependencies:
      '@scalar/types': 0.0.17
      hono: 4.6.6

  '@scalar/openapi-types@0.1.4': {}

  '@scalar/types@0.0.17':
    dependencies:
      '@scalar/openapi-types': 0.1.4
      '@unhead/schema': 1.11.10

  '@types/bun@1.1.12':
    dependencies:
      bun-types: 1.1.32

  '@types/node@20.12.14':
    dependencies:
      undici-types: 5.26.5

  '@types/ws@8.5.12':
    dependencies:
      '@types/node': 20.12.14

  '@unhead/schema@1.11.10':
    dependencies:
      hookable: 5.5.3
      zhead: 2.2.4

  bun-types@1.1.32:
    dependencies:
      '@types/node': 20.12.14
      '@types/ws': 8.5.12

  hono@4.6.6: {}

  hookable@5.5.3: {}

  openapi3-ts@4.4.0:
    dependencies:
      yaml: 2.6.0

  undici-types@5.26.5: {}

  yaml@2.6.0: {}

  zhead@2.2.4: {}

  zod@3.23.8: {}
